{
  "name": "vscode-status-bar-format-toggle",
  "version": "3.2.0",
  "lockfileVersion": 2,
  "requires": true,
  "packages": {
    "": {
      "name": "vscode-status-bar-format-toggle",
      "version": "3.2.0",
      "license": "MIT",
      "devDependencies": {
        "@types/node": "^20.8.2",
        "@types/vscode": "^1.82.0",
        "typescript": "^5.2.2"
      },
      "engines": {
        "vscode": "^1.82.0"
      }
    },
    "node_modules/@types/node": {
      "version": "20.8.2",
      "resolved": "https://registry.npmjs.org/@types/node/-/node-20.8.2.tgz",
      "integrity": "sha512-Vvycsc9FQdwhxE3y3DzeIxuEJbWGDsnrxvMADzTDF/lcdR9/K+AQIeAghTQsHtotg/q0j3WEOYS/jQgSdWue3w==",
      "dev": true
    },
    "node_modules/@types/vscode": {
      "version": "1.82.0",
      "resolved": "https://registry.npmjs.org/@types/vscode/-/vscode-1.82.0.tgz",
      "integrity": "sha512-VSHV+VnpF8DEm8LNrn8OJ8VuUNcBzN3tMvKrNpbhhfuVjFm82+6v44AbDhLvVFgCzn6vs94EJNTp7w8S6+Q1Rw==",
      "dev": true
    },
    "node_modules/typescript": {
      "version": "5.2.2",
      "resolved": "https://registry.npmjs.org/typescript/-/typescript-5.2.2.tgz",
      "integrity": "sha512-mI4WrpHsbCIcwT9cF4FZvr80QUeKvsUsUvKDoR+X/7XHQH98xYD8YHZg7ANtz2GtZt/CBq2QJ0thkGJMHfqc1w==",
      "dev": true,
      "bin": {
        "tsc": "bin/tsc",
        "tsserver": "bin/tsserver"
      },
      "engines": {
        "node": ">=14.17"
      }
    }
  },
  "dependencies": {
    "@types/node": {
      "version": "20.8.2",
      "resolved": "https://registry.npmjs.org/@types/node/-/node-20.8.2.tgz",
      "integrity": "sha512-Vvycsc9FQdwhxE3y3DzeIxuEJbWGDsnrxvMADzTDF/lcdR9/K+AQIeAghTQsHtotg/q0j3WEOYS/jQgSdWue3w==",
      "dev": true
    },
    "@types/vscode": {
      "version": "1.82.0",
      "resolved": "https://registry.npmjs.org/@types/vscode/-/vscode-1.82.0.tgz",
      "integrity": "sha512-VSHV+VnpF8DEm8LNrn8OJ8VuUNcBzN3tMvKrNpbhhfuVjFm82+6v44AbDhLvVFgCzn6vs94EJNTp7w8S6+Q1Rw==",
      "dev": true
    },
    "typescript": {
      "version": "5.2.2",
      "resolved": "https://registry.npmjs.org/typescript/-/typescript-5.2.2.tgz",
      "integrity": "sha512-mI4WrpHsbCIcwT9cF4FZvr80QUeKvsUsUvKDoR+X/7XHQH98xYD8YHZg7ANtz2GtZt/CBq2QJ0thkGJMHfqc1w==",
      "dev": true
    }
  }
}
